
Microsoft Visual Studio Solution File, Format Version 12.00
# Visual Studio 15
VisualStudioVersion = 15.0.27428.2015
MinimumVisualStudioVersion = 10.0.40219.1
Project("{FAE04EC0-301F-11D3-BF4B-00C04F79EFBC}") = "ShootThemUp", "ShootThemUp\ShootThemUp.csproj", "{DA0E7AAE-C5D7-4169-9BEB-5CB6E18239F3}"
EndProject
Global
	GlobalSection(SolutionConfigurationPlatforms) = preSolution
		Debug|Any CPU = Debug|Any CPU
		Release|Any CPU = Release|Any CPU
	EndGlobalSection
	GlobalSection(ProjectConfigurationPlatforms) = postSolution
		{DA0E7AAE-C5D7-4169-9BEB-5CB6E18239F3}.Debug|Any CPU.ActiveCfg = Debug|Any CPU
		{DA0E7AAE-C5D7-4169-9BEB-5CB6E18239F3}.Debug|Any CPU.Build.0 = Debug|Any CPU
		{DA0E7AAE-C5D7-4169-9BEB-5CB6E18239F3}.Release|Any CPU.ActiveCfg = Release|Any CPU
		{DA0E7AAE-C5D7-4169-9BEB-5CB6E18239F3}.Release|Any CPU.Build.0 = Release|Any CPU
	EndGlobalSection
	GlobalSection(SolutionProperties) = preSolution
		HideSolutionNode = FALSE
	EndGlobalSection
	GlobalSection(ExtensibilityGlobals) = postSolution
		SolutionGuid = {BBC1A420-8501-4631-9682-0D6D7D654F0A}
	EndGlobalSection
EndGlobal
